
Microsoft Visual Studio Solution File, Format Version 12.00
# Visual Studio Version 17
VisualStudioVersion = 17.4.33213.308
MinimumVisualStudioVersion = 10.0.40219.1
Project("{FAE04EC0-301F-11D3-BF4B-00C04F79EFBC}") = "AiSD", "AiSD\AiSD.csproj", "{F6B6A20B-875B-46D3-B8EA-64E1C797C204}"
EndProject
Global
	GlobalSection(SolutionConfigurationPlatforms) = preSolution
		Debug|Any CPU = Debug|Any CPU
		Release|Any CPU = Release|Any CPU
	EndGlobalSection
	GlobalSection(ProjectConfigurationPlatforms) = postSolution
		{F6B6A20B-875B-46D3-B8EA-64E1C797C204}.Debug|Any CPU.ActiveCfg = Debug|Any CPU
		{F6B6A20B-875B-46D3-B8EA-64E1C797C204}.Debug|Any CPU.Build.0 = Debug|Any CPU
		{F6B6A20B-875B-46D3-B8EA-64E1C797C204}.Release|Any CPU.ActiveCfg = Release|Any CPU
		{F6B6A20B-875B-46D3-B8EA-64E1C797C204}.Release|Any CPU.Build.0 = Release|Any CPU
	EndGlobalSection
	GlobalSection(SolutionProperties) = preSolution
		HideSolutionNode = FALSE
	EndGlobalSection
	GlobalSection(ExtensibilityGlobals) = postSolution
		SolutionGuid = {0DBD9455-9CB7-44B9-9A5C-703085F257C8}
	EndGlobalSection
EndGlobal
